// !$*UTF8*$!
{
	archiveVersion = 1;
	classes = {
	};
	objectVersion = 48;
	objects = {

/* Begin PBXBuildFile section */
		B9592908206AFDFA0087B1F4 /* main.c in Sources */ = {isa = PBXBuildFile; fileRef = B9592907206AFDFA0087B1F4 /* main.c */; };
		B9592910206AFF650087B1F4 /* libuv.a in Frameworks */ = {isa = PBXBuildFile; fileRef = B959290F206AFF650087B1F4 /* libuv.a */; };
/* End PBXBuildFile section */

/* Begin PBXCopyFilesBuildPhase section */
		B9592902206AFDFA0087B1F4 /* CopyFiles */ = {
			isa = PBXCopyFilesBuildPhase;
			buildActionMask = 2147483647;
			dstPath = /usr/share/man/man1/;
			dstSubfolderSpec = 0;
			files = (
			);
			runOnlyForDeploymentPostprocessing = 1;
		};
/* End PBXCopyFilesBuildPhase section */

/* Begin PBXFileReference section */
		B9592904206AFDFA0087B1F4 /* libuv-simple */ = {isa = PBXFileReference; explicitFileType = "compiled.mach-o.executable"; includeInIndex = 0; path = "libuv-simple"; sourceTree = BUILT_PRODUCTS_DIR; };
		B9592907206AFDFA0087B1F4 /* main.c */ = {isa = PBXFileReference; lastKnownFileType = sourcecode.c.c; path = main.c; sourceTree = "<group>"; };
		B959290F206AFF650087B1F4 /* libuv.a */ = {isa = PBXFileReference; lastKnownFileType = archive.ar; name = libuv.a; path = "../../../../../usr/local/Cellar/libuv/HEAD-edf05b9/lib/libuv.a"; sourceTree = "<group>"; };
		B9592911206B07E80087B1F4 /* text.txt */ = {isa = PBXFileReference; lastKnownFileType = text; path = text.txt; sourceTree = "<group>"; };
/* End PBXFileReference section */

/* Begin PBXFrameworksBuildPhase section */
		B9592901206AFDFA0087B1F4 /* Frameworks */ = {
			isa = PBXFrameworksBuildPhase;
			buildActionMask = 2147483647;
			files = (
				B9592910206AFF650087B1F4 /* libuv.a in Frameworks */,
			);
			runOnlyForDeploymentPostprocessing = 0;
		};
/* End PBXFrameworksBuildPhase section */

/* Begin PBXGroup section */
		B95928FB206AFDFA0087B1F4 = {
			isa = PBXGroup;
			children = (
				B9592906206AFDFA0087B1F4 /* libuv-simple */,
				B9592905206AFDFA0087B1F4 /* Products */,
				B959290E206AFF650087B1F4 /* Frameworks */,
			);
			sourceTree = "<group>";
		};
		B9592905206AFDFA0087B1F4 /* Products */ = {
			isa = PBXGroup;
			children = (
				B9592904206AFDFA0087B1F4 /* libuv-simple */,
			);
			name = Products;
			sourceTree = "<group>";
		};
		B9592906206AFDFA0087B1F4 /* libuv-simple */ = {
			isa = PBXGroup;
			children = (
				B9592907206AFDFA0087B1F4 /* main.c */,
				B9592911206B07E80087B1F4 /* text.txt */,
			);
			path = "libuv-simple";
			sourceTree = "<group>";
		};
		B959290E206AFF650087B1F4 /* Frameworks */ = {
			isa = PBXGroup;
			children = (
				B959290F206AFF650087B1F4 /* libuv.a */,
			);
			name = Frameworks;
			sourceTree = "<group>";
		};
/* End PBXGroup section */

/* Begin PBXNativeTarget section */
		B9592903206AFDFA0087B1F4 /* libuv-simple */ = {
			isa = PBXNativeTarget;
			buildConfigurationList = B959290B206AFDFA0087B1F4 /* Build configuration list for PBXNativeTarget "libuv-simple" */;
			buildPhases = (
				B9592900206AFDFA0087B1F4 /* Sources */,
				B9592902206AFDFA0087B1F4 /* CopyFiles */,
				B9592901206AFDFA0087B1F4 /* Frameworks */,
			);
			buildRules = (
			);
			dependencies = (
			);
			name = "libuv-simple";
			productName = "libuv-simple";
			productReference = B9592904206AFDFA0087B1F4 /* libuv-simple */;
			productType = "com.apple.product-type.tool";
		};
/* End PBXNativeTarget section */

/* Begin PBXProject section */
		B95928FC206AFDFA0087B1F4 /* Project object */ = {
			isa = PBXProject;
			attributes = {
				LastUpgradeCheck = 0920;
				ORGANIZATIONNAME = "Z F";
				TargetAttributes = {
					B9592903206AFDFA0087B1F4 = {
						CreatedOnToolsVersion = 9.2;
						ProvisioningStyle = Automatic;
					};
				};
			};
			buildConfigurationList = B95928FF206AFDFA0087B1F4 /* Build configuration list for PBXProject "libuv-simple" */;
			compatibilityVersion = "Xcode 8.0";
			developmentRegion = en;
			hasScannedForEncodings = 0;
			knownRegions = (
				en,
			);
			mainGroup = B95928FB206AFDFA0087B1F4;
			productRefGroup = B9592905206AFDFA0087B1F4 /* Products */;
			projectDirPath = "";
			projectRoot = "";
			targets = (
				B9592903206AFDFA0087B1F4 /* libuv-simple */,
			);
		};
/* End PBXProject section */

/* Begin PBXSourcesBuildPhase section */
		B9592900206AFDFA0087B1F4 /* Sources */ = {
			isa = PBXSourcesBuildPhase;
			buildActionMask = 2147483647;
			files = (
				B9592908206AFDFA0087B1F4 /* main.c in Sources */,
			);
			runOnlyForDeploymentPostprocessing = 0;
		};
/* End PBXSourcesBuildPhase section */

/* Begin XCBuildConfiguration section */
		B9592909206AFDFA0087B1F4 /* Debug */ = {
			isa = XCBuildConfiguration;
			buildSettings = {
				ALWAYS_SEARCH_USER_PATHS = NO;
				CLANG_ANALYZER_NONNULL = YES;
				CLANG_ANALYZER_NUMBER_OBJECT_CONVERSION = YES_AGGRESSIVE;
				CLANG_CXX_LANGUAGE_STANDARD = "gnu++14";
				CLANG_CXX_LIBRARY = "libc++";
				CLANG_ENABLE_MODULES = YES;
				CLANG_ENABLE_OBJC_ARC = YES;
				CLANG_WARN_BLOCK_CAPTURE_AUTORELEASING = YES;
				CLANG_WARN_BOOL_CONVERSION = YES;
				CLANG_WARN_COMMA = YES;
				CLANG_WARN_CONSTANT_CONVERSION = YES;
				CLANG_WARN_DIRECT_OBJC_ISA_USAGE = YES_ERROR;
				CLANG_WARN_DOCUMENTATION_COMMENTS = YES;
				CLANG_WARN_EMPTY_BODY = YES;
				CLANG_WARN_ENUM_CONVERSION = YES;
				CLANG_WARN_INFINITE_RECURSION = YES;
				CLANG_WARN_INT_CONVERSION = YES;
				CLANG_WARN_NON_LITERAL_NULL_CONVERSION = YES;
				CLANG_WARN_OBJC_LITERAL_CONVERSION = YES;
				CLANG_WARN_OBJC_ROOT_CLASS = YES_ERROR;
				CLANG_WARN_RANGE_LOOP_ANALYSIS = YES;
				CLANG_WARN_STRICT_PROTOTYPES = YES;
				CLANG_WARN_SUSPICIOUS_MOVE = YES;
				CLANG_WARN_UNGUARDED_AVAILABILITY = YES_AGGRESSIVE;
				CLANG_WARN_UNREACHABLE_CODE = YES;
				CLANG_WARN__DUPLICATE_METHOD_MATCH = YES;
				CODE_SIGN_IDENTITY = "Mac Developer";
				COPY_PHASE_STRIP = NO;
				DEBUG_INFORMATION_FORMAT = dwarf;
				ENABLE_STRICT_OBJC_MSGSEND = YES;
				ENABLE_TESTABILITY = YES;
				GCC_C_LANGUAGE_STANDARD = gnu11;
				GCC_DYNAMIC_NO_PIC = NO;
				GCC_NO_COMMON_BLOCKS = YES;
				GCC_OPTIMIZATION_LEVEL = 0;
				GCC_PREPROCESSOR_DEFINITIONS = (
					"DEBUG=1",
					"$(inherited)",
				);
				GCC_WARN_64_TO_32_BIT_CONVERSION = YES;
				GCC_WARN_ABOUT_RETURN_TYPE = YES_ERROR;
				GCC_WARN_UNDECLARED_SELECTOR = YES;
				GCC_WARN_UNINITIALIZED_AUTOS = YES_AGGRESSIVE;
				GCC_WARN_UNUSED_FUNCTION = YES;
				GCC_WARN_UNUSED_VARIABLE = YES;
				MACOSX_DEPLOYMENT_TARGET = 10.12;
				MTL_ENABLE_DEBUG_INFO = YES;
				ONLY_ACTIVE_ARCH = YES;
				SDKROOT = macosx;
			};
			name = Debug;
		};
		B959290A206AFDFA0087B1F4 /* Release */ = {
			isa = XCBuildConfiguration;
			buildSettings = {
				ALWAYS_SEARCH_USER_PATHS = NO;
				CLANG_ANALYZER_NONNULL = YES;
				CLANG_ANALYZER_NUMBER_OBJECT_CONVERSION = YES_AGGRESSIVE;
				CLANG_CXX_LANGUAGE_STANDARD = "gnu++14";
				CLANG_CXX_LIBRARY = "libc++";
				CLANG_ENABLE_MODULES = YES;
				CLANG_ENABLE_OBJC_ARC = YES;
				CLANG_WARN_BLOCK_CAPTURE_AUTORELEASING = YES;
				CLANG_WARN_BOOL_CONVERSION = YES;
				CLANG_WARN_COMMA = YES;
				CLANG_WARN_CONSTANT_CONVERSION = YES;
				CLANG_WARN_DIRECT_OBJC_ISA_USAGE = YES_ERROR;
				CLANG_WARN_DOCUMENTATION_COMMENTS = YES;
				CLANG_WARN_EMPTY_BODY = YES;
				CLANG_WARN_ENUM_CONVERSION = YES;
				CLANG_WARN_INFINITE_RECURSION = YES;
				CLANG_WARN_INT_CONVERSION = YES;
				CLANG_WARN_NON_LITERAL_NULL_CONVERSION = YES;
				CLANG_WARN_OBJC_LITERAL_CONVERSION = YES;
				CLANG_WARN_OBJC_ROOT_CLASS = YES_ERROR;
				CLANG_WARN_RANGE_LOOP_ANALYSIS = YES;
				CLANG_WARN_STRICT_PROTOTYPES = YES;
				CLANG_WARN_SUSPICIOUS_MOVE = YES;
				CLANG_WARN_UNGUARDED_AVAILABILITY = YES_AGGRESSIVE;
				CLANG_WARN_UNREACHABLE_CODE = YES;
				CLANG_WARN__DUPLICATE_METHOD_MATCH = YES;
				CODE_SIGN_IDENTITY = "Mac Developer";
				COPY_PHASE_STRIP = NO;
				DEBUG_INFORMATION_FORMAT = "dwarf-with-dsym";
				ENABLE_NS_ASSERTIONS = NO;
				ENABLE_STRICT_OBJC_MSGSEND = YES;
				GCC_C_LANGUAGE_STANDARD = gnu11;
				GCC_NO_COMMON_BLOCKS = YES;
				GCC_WARN_64_TO_32_BIT_CONVERSION = YES;
				GCC_WARN_ABOUT_RETURN_TYPE = YES_ERROR;
				GCC_WARN_UNDECLARED_SELECTOR = YES;
				GCC_WARN_UNINITIALIZED_AUTOS = YES_AGGRESSIVE;
				GCC_WARN_UNUSED_FUNCTION = YES;
				GCC_WARN_UNUSED_VARIABLE = YES;
				MACOSX_DEPLOYMENT_TARGET = 10.12;
				MTL_ENABLE_DEBUG_INFO = NO;
				SDKROOT = macosx;
			};
			name = Release;
		};
		B959290C206AFDFA0087B1F4 /* Debug */ = {
			isa = XCBuildConfiguration;
			buildSettings = {
				CODE_SIGN_STYLE = Automatic;
				DEVELOPMENT_TEAM = LHQ6R5P9F7;
				HEADER_SEARCH_PATHS = (
					/usr/local/,
					/usr/local/Cellar/,
					"/usr/local/Cellar/libuv/HEAD-edf05b9/",
					"/usr/local/Cellar/libuv/HEAD-edf05b9/include",
				);
				LIBRARY_SEARCH_PATHS = "/usr/local/Cellar/libuv/HEAD-edf05b9/lib";
				PRODUCT_NAME = "$(TARGET_NAME)";
			};
			name = Debug;
		};
		B959290D206AFDFA0087B1F4 /* Release */ = {
			isa = XCBuildConfiguration;
			buildSettings = {
				CODE_SIGN_STYLE = Automatic;
				DEVELOPMENT_TEAM = LHQ6R5P9F7;
				HEADER_SEARCH_PATHS = (
					/usr/local/,
					/usr/local/Cellar/,
					"/usr/local/Cellar/libuv/HEAD-edf05b9/",
					"/usr/local/Cellar/libuv/HEAD-edf05b9/include",
				);
				LIBRARY_SEARCH_PATHS = "/usr/local/Cellar/libuv/HEAD-edf05b9/lib";
				PRODUCT_NAME = "$(TARGET_NAME)";
			};
			name = Release;
		};
/* End XCBuildConfiguration section */

/* Begin XCConfigurationList section */
		B95928FF206AFDFA0087B1F4 /* Build configuration list for PBXProject "libuv-simple" */ = {
			isa = XCConfigurationList;
			buildConfigurations = (
				B9592909206AFDFA0087B1F4 /* Debug */,
				B959290A206AFDFA0087B1F4 /* Release */,
			);
			defaultConfigurationIsVisible = 0;
			defaultConfigurationName = Release;
		};
		B959290B206AFDFA0087B1F4 /* Build configuration list for PBXNativeTarget "libuv-simple" */ = {
			isa = XCConfigurationList;
			buildConfigurations = (
				B959290C206AFDFA0087B1F4 /* Debug */,
				B959290D206AFDFA0087B1F4 /* Release */,
			);
			defaultConfigurationIsVisible = 0;
			defaultConfigurationName = Release;
		};
/* End XCConfigurationList section */
	};
	rootObject = B95928FC206AFDFA0087B1F4 /* Project object */;
}
